{
  "version": 4,
  "terraform_version": "1.5.0",
  "serial": 1,
  "lineage": "abc123",
  "outputs": {},
  "resources": [
    {
      "mode": "managed",
      "type": "aws_s3_bucket",
      "name": "logs",
      "provider": "provider[\"registry.terraform.io/hashicorp/aws\"]",
      "instances": [
        {
          "schema_version": 0,
          "attributes": {
            "id": "my-logs-bucket",
            "bucket": "my-logs-bucket",
            "arn": "arn:aws:s3:::my-logs-bucket",
            "region": "us-east-1",
            "force_destroy": false,
            "tags": {
              "env": "prod",
              "team": "platform"
            },
            "tags_all": {
              "env": "prod",
              "team": "platform"
            }
          }
        }
      ]
    },
    {
      "mode": "managed",
      "type": "aws_instance",
      "name": "web",
      "provider": "provider[\"registry.terraform.io/hashicorp/aws\"]",
      "instances": [
        {
          "schema_version": 1,
          "attributes": {
            "id": "i-abc123def456",
            "instance_type": "t3.micro",
            "ami": "ami-0abcdef1234567890",
            "availability_zone": "us-east-1a",
            "monitoring": false,
            "arn": "arn:aws:ec2:us-east-1:123456789012:instance/i-abc123def456",
            "tags": {
              "Name": "web-server",
              "env": "prod"
            },
            "tags_all": {
              "Name": "web-server",
              "env": "prod"
            }
          }
        }
      ]
    },
    {
      "mode": "managed",
      "type": "aws_iam_role",
      "name": "lambda_exec",
      "provider": "provider[\"registry.terraform.io/hashicorp/aws\"]",
      "instances": [
        {
          "schema_version": 0,
          "attributes": {
            "id": "lambda-exec-role",
            "name": "lambda-exec-role",
            "path": "/",
            "description": "Lambda execution role",
            "max_session_duration": 3600,
            "arn": "arn:aws:iam::123456789012:role/lambda-exec-role",
            "tags": {
              "env": "prod"
            }
          }
        }
      ]
    }
  ]
}
